
Microsoft Visual Studio Solution File, Format Version 12.00
# Visual Studio 15
VisualStudioVersion = 15.0.28010.2026
MinimumVisualStudioVersion = 10.0.40219.1
Project("{FAE04EC0-301F-11D3-BF4B-00C04F79EFBC}") = "Calculator", "Calculator\Calculator.csproj", "{B1C6A0B5-4FFE-49B2-9323-CCF6D1360966}"
EndProject
Project("{FAE04EC0-301F-11D3-BF4B-00C04F79EFBC}") = "CalculatorUnitTest", "..\CalculatorUnitTest\CalculatorUnitTest.csproj", "{200AA41E-17EF-427C-B0FA-292E5BFD03A9}"
EndProject
Global
	GlobalSection(SolutionConfigurationPlatforms) = preSolution
		Debug|Any CPU = Debug|Any CPU
		Release|Any CPU = Release|Any CPU
	EndGlobalSection
	GlobalSection(ProjectConfigurationPlatforms) = postSolution
		{B1C6A0B5-4FFE-49B2-9323-CCF6D1360966}.Debug|Any CPU.ActiveCfg = Debug|Any CPU
		{B1C6A0B5-4FFE-49B2-9323-CCF6D1360966}.Debug|Any CPU.Build.0 = Debug|Any CPU
		{B1C6A0B5-4FFE-49B2-9323-CCF6D1360966}.Release|Any CPU.ActiveCfg = Release|Any CPU
		{B1C6A0B5-4FFE-49B2-9323-CCF6D1360966}.Release|Any CPU.Build.0 = Release|Any CPU
		{200AA41E-17EF-427C-B0FA-292E5BFD03A9}.Debug|Any CPU.ActiveCfg = Debug|Any CPU
		{200AA41E-17EF-427C-B0FA-292E5BFD03A9}.Debug|Any CPU.Build.0 = Debug|Any CPU
		{200AA41E-17EF-427C-B0FA-292E5BFD03A9}.Release|Any CPU.ActiveCfg = Release|Any CPU
		{200AA41E-17EF-427C-B0FA-292E5BFD03A9}.Release|Any CPU.Build.0 = Release|Any CPU
	EndGlobalSection
	GlobalSection(SolutionProperties) = preSolution
		HideSolutionNode = FALSE
	EndGlobalSection
	GlobalSection(ExtensibilityGlobals) = postSolution
		SolutionGuid = {F3EEE1E3-4631-47FC-9766-33992475ED96}
	EndGlobalSection
EndGlobal
